
Microsoft Visual Studio Solution File, Format Version 12.00
# Visual Studio Version 17
VisualStudioVersion = 17.10.34928.147
MinimumVisualStudioVersion = 10.0.40219.1
Project("{FAE04EC0-301F-11D3-BF4B-00C04F79EFBC}") = "Company.Electronics.PL", "Company.Electronics\Company.Electronics.PL.csproj", "{79D115EC-07F1-4F25-A97B-840A027D48C5}"
EndProject
Project("{FAE04EC0-301F-11D3-BF4B-00C04F79EFBC}") = "Company.Electronics.DAL", "Company.Electronics.DAL\Company.Electronics.DAL.csproj", "{028690B9-B72E-4886-ABBF-FD107713F9D9}"
EndProject
Project("{FAE04EC0-301F-11D3-BF4B-00C04F79EFBC}") = "Company.Electronics.BLL", "Company.Electronics.PL\Company.Electronics.BLL.csproj", "{97CEEAA1-A339-4080-AAAD-CB7EF189F16F}"
EndProject
Global
	GlobalSection(SolutionConfigurationPlatforms) = preSolution
		Debug|Any CPU = Debug|Any CPU
		Release|Any CPU = Release|Any CPU
	EndGlobalSection
	GlobalSection(ProjectConfigurationPlatforms) = postSolution
		{79D115EC-07F1-4F25-A97B-840A027D48C5}.Debug|Any CPU.ActiveCfg = Debug|Any CPU
		{79D115EC-07F1-4F25-A97B-840A027D48C5}.Debug|Any CPU.Build.0 = Debug|Any CPU
		{79D115EC-07F1-4F25-A97B-840A027D48C5}.Release|Any CPU.ActiveCfg = Release|Any CPU
		{79D115EC-07F1-4F25-A97B-840A027D48C5}.Release|Any CPU.Build.0 = Release|Any CPU
		{028690B9-B72E-4886-ABBF-FD107713F9D9}.Debug|Any CPU.ActiveCfg = Debug|Any CPU
		{028690B9-B72E-4886-ABBF-FD107713F9D9}.Debug|Any CPU.Build.0 = Debug|Any CPU
		{028690B9-B72E-4886-ABBF-FD107713F9D9}.Release|Any CPU.ActiveCfg = Release|Any CPU
		{028690B9-B72E-4886-ABBF-FD107713F9D9}.Release|Any CPU.Build.0 = Release|Any CPU
		{97CEEAA1-A339-4080-AAAD-CB7EF189F16F}.Debug|Any CPU.ActiveCfg = Debug|Any CPU
		{97CEEAA1-A339-4080-AAAD-CB7EF189F16F}.Debug|Any CPU.Build.0 = Debug|Any CPU
		{97CEEAA1-A339-4080-AAAD-CB7EF189F16F}.Release|Any CPU.ActiveCfg = Release|Any CPU
		{97CEEAA1-A339-4080-AAAD-CB7EF189F16F}.Release|Any CPU.Build.0 = Release|Any CPU
	EndGlobalSection
	GlobalSection(SolutionProperties) = preSolution
		HideSolutionNode = FALSE
	EndGlobalSection
	GlobalSection(ExtensibilityGlobals) = postSolution
		SolutionGuid = {0D0CDA4C-751C-47F3-AE69-900809C798F2}
	EndGlobalSection
EndGlobal
